
Microsoft Visual Studio Solution File, Format Version 12.00
# Visual Studio Version 17
VisualStudioVersion = 17.7.34221.43
MinimumVisualStudioVersion = 10.0.40219.1
Project("{FAE04EC0-301F-11D3-BF4B-00C04F79EFBC}") = "SchoolSystem", "SchoolSystem.csproj", "{ECFAEF00-3CE0-4B40-BE40-336BE2958767}"
EndProject
Project("{FAE04EC0-301F-11D3-BF4B-00C04F79EFBC}") = "Application", "..\Application\Application.csproj", "{7A972094-FD82-48AE-BA8B-3726621B7901}"
EndProject
Project("{FAE04EC0-301F-11D3-BF4B-00C04F79EFBC}") = "Infrastructure", "..\Infrastructure\Infrastructure.csproj", "{DF3B91C9-B6BD-4036-AACD-BE2FA4D190BF}"
EndProject
Global
	GlobalSection(SolutionConfigurationPlatforms) = preSolution
		Debug|Any CPU = Debug|Any CPU
		Release|Any CPU = Release|Any CPU
	EndGlobalSection
	GlobalSection(ProjectConfigurationPlatforms) = postSolution
		{ECFAEF00-3CE0-4B40-BE40-336BE2958767}.Debug|Any CPU.ActiveCfg = Debug|Any CPU
		{ECFAEF00-3CE0-4B40-BE40-336BE2958767}.Debug|Any CPU.Build.0 = Debug|Any CPU
		{ECFAEF00-3CE0-4B40-BE40-336BE2958767}.Release|Any CPU.ActiveCfg = Release|Any CPU
		{ECFAEF00-3CE0-4B40-BE40-336BE2958767}.Release|Any CPU.Build.0 = Release|Any CPU
		{7A972094-FD82-48AE-BA8B-3726621B7901}.Debug|Any CPU.ActiveCfg = Debug|Any CPU
		{7A972094-FD82-48AE-BA8B-3726621B7901}.Debug|Any CPU.Build.0 = Debug|Any CPU
		{7A972094-FD82-48AE-BA8B-3726621B7901}.Release|Any CPU.ActiveCfg = Release|Any CPU
		{7A972094-FD82-48AE-BA8B-3726621B7901}.Release|Any CPU.Build.0 = Release|Any CPU
		{DF3B91C9-B6BD-4036-AACD-BE2FA4D190BF}.Debug|Any CPU.ActiveCfg = Debug|Any CPU
		{DF3B91C9-B6BD-4036-AACD-BE2FA4D190BF}.Debug|Any CPU.Build.0 = Debug|Any CPU
		{DF3B91C9-B6BD-4036-AACD-BE2FA4D190BF}.Release|Any CPU.ActiveCfg = Release|Any CPU
		{DF3B91C9-B6BD-4036-AACD-BE2FA4D190BF}.Release|Any CPU.Build.0 = Release|Any CPU
	EndGlobalSection
	GlobalSection(SolutionProperties) = preSolution
		HideSolutionNode = FALSE
	EndGlobalSection
	GlobalSection(ExtensibilityGlobals) = postSolution
		SolutionGuid = {E4B3DF68-E716-46D7-B815-AB1EFF9DEAFD}
	EndGlobalSection
EndGlobal
